Microsoft Visual Studio Solution File, Format Version 12.00
# Visual Studio Version 17
VisualStudioVersion = 17.5.2.0
MinimumVisualStudioVersion = 10.0.40219.1
Project("{FAE04EC0-301F-11D3-BF4B-00C04F79EFBC}") = "LandingPage_FINAL", "LandingPage_FINAL.csproj", "{D36456CD-8005-6CB9-9420-6607AA971152}"
EndProject
Global
	GlobalSection(SolutionConfigurationPlatforms) = preSolution
		Debug|Any CPU = Debug|Any CPU
		Release|Any CPU = Release|Any CPU
	EndGlobalSection
	GlobalSection(ProjectConfigurationPlatforms) = postSolution
		{D36456CD-8005-6CB9-9420-6607AA971152}.Debug|Any CPU.ActiveCfg = Debug|Any CPU
		{D36456CD-8005-6CB9-9420-6607AA971152}.Debug|Any CPU.Build.0 = Debug|Any CPU
		{D36456CD-8005-6CB9-9420-6607AA971152}.Release|Any CPU.ActiveCfg = Release|Any CPU
		{D36456CD-8005-6CB9-9420-6607AA971152}.Release|Any CPU.Build.0 = Release|Any CPU
	EndGlobalSection
	GlobalSection(SolutionProperties) = preSolution
		HideSolutionNode = FALSE
	EndGlobalSection
	GlobalSection(ExtensibilityGlobals) = postSolution
		SolutionGuid = {95FE909D-A690-413F-A9E9-6C53A3440E4D}
	EndGlobalSection
EndGlobal
